// !$*UTF8*$!
{
	archiveVersion = 1;
	classes = {
	};
	objectVersion = 46;
	objects = {

/* Begin PBXBuildFile section */
		4F7FDD311A17D4CD00345121 /* main.m in Sources */ = {isa = PBXBuildFile; fileRef = 4F7FDD301A17D4CD00345121 /* main.m */; };
		4F7FDD341A17D4CD00345121 /* AppDelegate.m in Sources */ = {isa = PBXBuildFile; fileRef = 4F7FDD331A17D4CD00345121 /* AppDelegate.m */; };
		4F7FDD371A17D4CD00345121 /* FirstViewController.m in Sources */ = {isa = PBXBuildFile; fileRef = 4F7FDD361A17D4CD00345121 /* FirstViewController.m */; };
		4F7FDD3A1A17D4CD00345121 /* SecondViewController.m in Sources */ = {isa = PBXBuildFile; fileRef = 4F7FDD391A17D4CD00345121 /* SecondViewController.m */; };
		4F7FDD3D1A17D4CD00345121 /* Main.storyboard in Resources */ = {isa = PBXBuildFile; fileRef = 4F7FDD3B1A17D4CD00345121 /* Main.storyboard */; };
		4F7FDD3F1A17D4CD00345121 /* Images.xcassets in Resources */ = {isa = PBXBuildFile; fileRef = 4F7FDD3E1A17D4CD00345121 /* Images.xcassets */; };
		4F7FDD421A17D4CD00345121 /* LaunchScreen.xib in Resources */ = {isa = PBXBuildFile; fileRef = 4F7FDD401A17D4CD00345121 /* LaunchScreen.xib */; };
		4F7FDD4E1A17D4CD00345121 /* knozenmapTests.m in Sources */ = {isa = PBXBuildFile; fileRef = 4F7FDD4D1A17D4CD00345121 /* knozenmapTests.m */; };
		4F7FDD581A17D6A500345121 /* ListView.storyboard in Resources */ = {isa = PBXBuildFile; fileRef = 4F7FDD571A17D6A500345121 /* ListView.storyboard */; };
		4F7FDD5A1A17D6AD00345121 /* MapView.storyboard in Resources */ = {isa = PBXBuildFile; fileRef = 4F7FDD591A17D6AD00345121 /* MapView.storyboard */; };
		4F7FDD631A17D77E00345121 /* ListTableViewController.m in Sources */ = {isa = PBXBuildFile; fileRef = 4F7FDD621A17D77E00345121 /* ListTableViewController.m */; };
		4F7FDD671A17DC0500345121 /* MapViewController.m in Sources */ = {isa = PBXBuildFile; fileRef = 4F7FDD661A17DC0500345121 /* MapViewController.m */; };
		4F7FDD691A17DD8F00345121 /* MapKit.framework in Frameworks */ = {isa = PBXBuildFile; fileRef = 4F7FDD681A17DD8E00345121 /* MapKit.framework */; };
		4F7FDD6C1A17DEC200345121 /* LocationListViewModel.m in Sources */ = {isa = PBXBuildFile; fileRef = 4F7FDD6B1A17DEC200345121 /* LocationListViewModel.m */; };
		4F7FDD6E1A17DFF600345121 /* UIKit.framework in Frameworks */ = {isa = PBXBuildFile; fileRef = 4F7FDD6D1A17DFF600345121 /* UIKit.framework */; };
		4F7FDD701A17DFFD00345121 /* Foundation.framework in Frameworks */ = {isa = PBXBuildFile; fileRef = 4F7FDD6F1A17DFFD00345121 /* Foundation.framework */; };
		4F7FDD741A17E9B700345121 /* LocationItemViewModel.m in Sources */ = {isa = PBXBuildFile; fileRef = 4F7FDD731A17E9B700345121 /* LocationItemViewModel.m */; };
		7254AE5282E089DFE2010C16 /* libPods.a in Frameworks */ = {isa = PBXBuildFile; fileRef = E68C21986D4ABE92D404DB31 /* libPods.a */; };
/* End PBXBuildFile section */

/* Begin PBXContainerItemProxy section */
		4F7FDD481A17D4CD00345121 /* PBXContainerItemProxy */ = {
			isa = PBXContainerItemProxy;
			containerPortal = 4F7FDD231A17D4CD00345121 /* Project object */;
			proxyType = 1;
			remoteGlobalIDString = 4F7FDD2A1A17D4CD00345121;
			remoteInfo = knozenmap;
		};
/* End PBXContainerItemProxy section */

/* Begin PBXFileReference section */
		4F7FDD2B1A17D4CD00345121 /* knozenmap.app */ = {isa = PBXFileReference; explicitFileType = wrapper.application; includeInIndex = 0; path = knozenmap.app; sourceTree = BUILT_PRODUCTS_DIR; };
		4F7FDD2F1A17D4CD00345121 /* Info.plist */ = {isa = PBXFileReference; lastKnownFileType = text.plist.xml; path = Info.plist; sourceTree = "<group>"; };
		4F7FDD301A17D4CD00345121 /* main.m */ = {isa = PBXFileReference; lastKnownFileType = sourcecode.c.objc; path = main.m; sourceTree = "<group>"; };
		4F7FDD321A17D4CD00345121 /* AppDelegate.h */ = {isa = PBXFileReference; lastKnownFileType = sourcecode.c.h; path = AppDelegate.h; sourceTree = "<group>"; };
		4F7FDD331A17D4CD00345121 /* AppDelegate.m */ = {isa = PBXFileReference; lastKnownFileType = sourcecode.c.objc; path = AppDelegate.m; sourceTree = "<group>"; };
		4F7FDD351A17D4CD00345121 /* FirstViewController.h */ = {isa = PBXFileReference; lastKnownFileType = sourcecode.c.h; path = FirstViewController.h; sourceTree = "<group>"; };
		4F7FDD361A17D4CD00345121 /* FirstViewController.m */ = {isa = PBXFileReference; lastKnownFileType = sourcecode.c.objc; path = FirstViewController.m; sourceTree = "<group>"; };
		4F7FDD381A17D4CD00345121 /* SecondViewController.h */ = {isa = PBXFileReference; lastKnownFileType = sourcecode.c.h; path = SecondViewController.h; sourceTree = "<group>"; };
		4F7FDD391A17D4CD00345121 /* SecondViewController.m */ = {isa = PBXFileReference; lastKnownFileType = sourcecode.c.objc; path = SecondViewController.m; sourceTree = "<group>"; };
		4F7FDD3C1A17D4CD00345121 /* Base */ = {isa = PBXFileReference; lastKnownFileType = file.storyboard; name = Base; path = Base.lproj/Main.storyboard; sourceTree = "<group>"; };
		4F7FDD3E1A17D4CD00345121 /* Images.xcassets */ = {isa = PBXFileReference; lastKnownFileType = folder.assetcatalog; path = Images.xcassets; sourceTree = "<group>"; };
		4F7FDD411A17D4CD00345121 /* Base */ = {isa = PBXFileReference; lastKnownFileType = file.xib; name = Base; path = Base.lproj/LaunchScreen.xib; sourceTree = "<group>"; };
		4F7FDD471A17D4CD00345121 /* knozenmapTests.xctest */ = {isa = PBXFileReference; explicitFileType = wrapper.cfbundle; includeInIndex = 0; path = knozenmapTests.xctest; sourceTree = BUILT_PRODUCTS_DIR; };
		4F7FDD4C1A17D4CD00345121 /* Info.plist */ = {isa = PBXFileReference; lastKnownFileType = text.plist.xml; path = Info.plist; sourceTree = "<group>"; };
		4F7FDD4D1A17D4CD00345121 /* knozenmapTests.m */ = {isa = PBXFileReference; lastKnownFileType = sourcecode.c.objc; path = knozenmapTests.m; sourceTree = "<group>"; };
		4F7FDD571A17D6A500345121 /* ListView.storyboard */ = {isa = PBXFileReference; fileEncoding = 4; lastKnownFileType = file.storyboard; path = ListView.storyboard; sourceTree = "<group>"; };
		4F7FDD591A17D6AD00345121 /* MapView.storyboard */ = {isa = PBXFileReference; fileEncoding = 4; lastKnownFileType = file.storyboard; path = MapView.storyboard; sourceTree = "<group>"; };
		4F7FDD611A17D77E00345121 /* ListTableViewController.h */ = {isa = PBXFileReference; fileEncoding = 4; lastKnownFileType = sourcecode.c.h; path = ListTableViewController.h; sourceTree = "<group>"; };
		4F7FDD621A17D77E00345121 /* ListTableViewController.m */ = {isa = PBXFileReference; fileEncoding = 4; lastKnownFileType = sourcecode.c.objc; path = ListTableViewController.m; sourceTree = "<group>"; };
		4F7FDD651A17DC0500345121 /* MapViewController.h */ = {isa = PBXFileReference; fileEncoding = 4; lastKnownFileType = sourcecode.c.h; path = MapViewController.h; sourceTree = "<group>"; };
		4F7FDD661A17DC0500345121 /* MapViewController.m */ = {isa = PBXFileReference; fileEncoding = 4; lastKnownFileType = sourcecode.c.objc; path = MapViewController.m; sourceTree = "<group>"; };
		4F7FDD681A17DD8E00345121 /* MapKit.framework */ = {isa = PBXFileReference; lastKnownFileType = wrapper.framework; name = MapKit.framework; path = System/Library/Frameworks/MapKit.framework; sourceTree = SDKROOT; };
		4F7FDD6A1A17DEC200345121 /* LocationListViewModel.h */ = {isa = PBXFileReference; fileEncoding = 4; lastKnownFileType = sourcecode.c.h; path = LocationListViewModel.h; sourceTree = "<group>"; };
		4F7FDD6B1A17DEC200345121 /* LocationListViewModel.m */ = {isa = PBXFileReference; fileEncoding = 4; lastKnownFileType = sourcecode.c.objc; path = LocationListViewModel.m; sourceTree = "<group>"; };
		4F7FDD6D1A17DFF600345121 /* UIKit.framework */ = {isa = PBXFileReference; lastKnownFileType = wrapper.framework; name = UIKit.framework; path = System/Library/Frameworks/UIKit.framework; sourceTree = SDKROOT; };
		4F7FDD6F1A17DFFD00345121 /* Foundation.framework */ = {isa = PBXFileReference; lastKnownFileType = wrapper.framework; name = Foundation.framework; path = System/Library/Frameworks/Foundation.framework; sourceTree = SDKROOT; };
		4F7FDD711A17E07800345121 /* PrefixHeader.pch */ = {isa = PBXFileReference; lastKnownFileType = sourcecode.c.h; path = PrefixHeader.pch; sourceTree = "<group>"; };
		4F7FDD721A17E9B700345121 /* LocationItemViewModel.h */ = {isa = PBXFileReference; fileEncoding = 4; lastKnownFileType = sourcecode.c.h; path = LocationItemViewModel.h; sourceTree = "<group>"; };
		4F7FDD731A17E9B700345121 /* LocationItemViewModel.m */ = {isa = PBXFileReference; fileEncoding = 4; lastKnownFileType = sourcecode.c.objc; path = LocationItemViewModel.m; sourceTree = "<group>"; };
		BA927B0D8F1D7BAC74CD1877 /* Pods.debug.xcconfig */ = {isa = PBXFileReference; includeInIndex = 1; lastKnownFileType = text.xcconfig; name = Pods.debug.xcconfig; path = "Pods/Target Support Files/Pods/Pods.debug.xcconfig"; sourceTree = "<group>"; };
		E68C21986D4ABE92D404DB31 /* libPods.a */ = {isa = PBXFileReference; explicitFileType = archive.ar; includeInIndex = 0; path = libPods.a; sourceTree = BUILT_PRODUCTS_DIR; };
		EF624D9ECF8AFC346E693E0B /* Pods.release.xcconfig */ = {isa = PBXFileReference; includeInIndex = 1; lastKnownFileType = text.xcconfig; name = Pods.release.xcconfig; path = "Pods/Target Support Files/Pods/Pods.release.xcconfig"; sourceTree = "<group>"; };
/* End PBXFileReference section */

/* Begin PBXFrameworksBuildPhase section */
		4F7FDD281A17D4CD00345121 /* Frameworks */ = {
			isa = PBXFrameworksBuildPhase;
			buildActionMask = 2147483647;
			files = (
				4F7FDD701A17DFFD00345121 /* Foundation.framework in Frameworks */,
				4F7FDD6E1A17DFF600345121 /* UIKit.framework in Frameworks */,
				4F7FDD691A17DD8F00345121 /* MapKit.framework in Frameworks */,
				7254AE5282E089DFE2010C16 /* libPods.a in Frameworks */,
			);
			runOnlyForDeploymentPostprocessing = 0;
		};
		4F7FDD441A17D4CD00345121 /* Frameworks */ = {
			isa = PBXFrameworksBuildPhase;
			buildActionMask = 2147483647;
			files = (
			);
			runOnlyForDeploymentPostprocessing = 0;
		};
/* End PBXFrameworksBuildPhase section */

/* Begin PBXGroup section */
		4F7FDD221A17D4CD00345121 = {
			isa = PBXGroup;
			children = (
				4F7FDD6F1A17DFFD00345121 /* Foundation.framework */,
				4F7FDD6D1A17DFF600345121 /* UIKit.framework */,
				4F7FDD681A17DD8E00345121 /* MapKit.framework */,
				4F7FDD2D1A17D4CD00345121 /* knozenmap */,
				4F7FDD4A1A17D4CD00345121 /* knozenmapTests */,
				4F7FDD2C1A17D4CD00345121 /* Products */,
				95A3CC152867B29330060AF8 /* Pods */,
				F3D934BDC9B47004FCD1AE21 /* Frameworks */,
			);
			sourceTree = "<group>";
		};
		4F7FDD2C1A17D4CD00345121 /* Products */ = {
			isa = PBXGroup;
			children = (
				4F7FDD2B1A17D4CD00345121 /* knozenmap.app */,
				4F7FDD471A17D4CD00345121 /* knozenmapTests.xctest */,
			);
			name = Products;
			sourceTree = "<group>";
		};
		4F7FDD2D1A17D4CD00345121 /* knozenmap */ = {
			isa = PBXGroup;
			children = (
				4F7FDD321A17D4CD00345121 /* AppDelegate.h */,
				4F7FDD331A17D4CD00345121 /* AppDelegate.m */,
				4F7FDD351A17D4CD00345121 /* FirstViewController.h */,
				4F7FDD361A17D4CD00345121 /* FirstViewController.m */,
				4F7FDD381A17D4CD00345121 /* SecondViewController.h */,
				4F7FDD391A17D4CD00345121 /* SecondViewController.m */,
				4F7FDD3B1A17D4CD00345121 /* Main.storyboard */,
				4F7FDD761A17FCB900345121 /* List */,
				4F7FDD751A17FCB400345121 /* Map */,
				4F7FDD771A17FCCC00345121 /* ViewModel */,
				4F7FDD3E1A17D4CD00345121 /* Images.xcassets */,
				4F7FDD401A17D4CD00345121 /* LaunchScreen.xib */,
				4F7FDD2E1A17D4CD00345121 /* Supporting Files */,
			);
			path = knozenmap;
			sourceTree = "<group>";
		};
		4F7FDD2E1A17D4CD00345121 /* Supporting Files */ = {
			isa = PBXGroup;
			children = (
				4F7FDD2F1A17D4CD00345121 /* Info.plist */,
				4F7FDD301A17D4CD00345121 /* main.m */,
				4F7FDD711A17E07800345121 /* PrefixHeader.pch */,
			);
			name = "Supporting Files";
			sourceTree = "<group>";
		};
		4F7FDD4A1A17D4CD00345121 /* knozenmapTests */ = {
			isa = PBXGroup;
			children = (
				4F7FDD4D1A17D4CD00345121 /* knozenmapTests.m */,
				4F7FDD4B1A17D4CD00345121 /* Supporting Files */,
			);
			path = knozenmapTests;
			sourceTree = "<group>";
		};
		4F7FDD4B1A17D4CD00345121 /* Supporting Files */ = {
			isa = PBXGroup;
			children = (
				4F7FDD4C1A17D4CD00345121 /* Info.plist */,
			);
			name = "Supporting Files";
			sourceTree = "<group>";
		};
		4F7FDD751A17FCB400345121 /* Map */ = {
			isa = PBXGroup;
			children = (
				4F7FDD591A17D6AD00345121 /* MapView.storyboard */,
				4F7FDD651A17DC0500345121 /* MapViewController.h */,
				4F7FDD661A17DC0500345121 /* MapViewController.m */,
			);
			name = Map;
			sourceTree = "<group>";
		};
		4F7FDD761A17FCB900345121 /* List */ = {
			isa = PBXGroup;
			children = (
				4F7FDD571A17D6A500345121 /* ListView.storyboard */,
				4F7FDD611A17D77E00345121 /* ListTableViewController.h */,
				4F7FDD621A17D77E00345121 /* ListTableViewController.m */,
			);
			name = List;
			sourceTree = "<group>";
		};
		4F7FDD771A17FCCC00345121 /* ViewModel */ = {
			isa = PBXGroup;
			children = (
				4F7FDD6A1A17DEC200345121 /* LocationListViewModel.h */,
				4F7FDD6B1A17DEC200345121 /* LocationListViewModel.m */,
				4F7FDD721A17E9B700345121 /* LocationItemViewModel.h */,
				4F7FDD731A17E9B700345121 /* LocationItemViewModel.m */,
			);
			name = ViewModel;
			sourceTree = "<group>";
		};
		95A3CC152867B29330060AF8 /* Pods */ = {
			isa = PBXGroup;
			children = (
				BA927B0D8F1D7BAC74CD1877 /* Pods.debug.xcconfig */,
				EF624D9ECF8AFC346E693E0B /* Pods.release.xcconfig */,
			);
			name = Pods;
			sourceTree = "<group>";
		};
		F3D934BDC9B47004FCD1AE21 /* Frameworks */ = {
			isa = PBXGroup;
			children = (
				E68C21986D4ABE92D404DB31 /* libPods.a */,
			);
			name = Frameworks;
			sourceTree = "<group>";
		};
/* End PBXGroup section */

/* Begin PBXNativeTarget section */
		4F7FDD2A1A17D4CD00345121 /* knozenmap */ = {
			isa = PBXNativeTarget;
			buildConfigurationList = 4F7FDD511A17D4CD00345121 /* Build configuration list for PBXNativeTarget "knozenmap" */;
			buildPhases = (
				8768A12897003DC15CBBB584 /* Check Pods Manifest.lock */,
				4F7FDD271A17D4CD00345121 /* Sources */,
				4F7FDD281A17D4CD00345121 /* Frameworks */,
				4F7FDD291A17D4CD00345121 /* Resources */,
				0D1952E43825A75886873EF1 /* Copy Pods Resources */,
			);
			buildRules = (
			);
			dependencies = (
			);
			name = knozenmap;
			productName = knozenmap;
			productReference = 4F7FDD2B1A17D4CD00345121 /* knozenmap.app */;
			productType = "com.apple.product-type.application";
		};
		4F7FDD461A17D4CD00345121 /* knozenmapTests */ = {
			isa = PBXNativeTarget;
			buildConfigurationList = 4F7FDD541A17D4CD00345121 /* Build configuration list for PBXNativeTarget "knozenmapTests" */;
			buildPhases = (
				4F7FDD431A17D4CD00345121 /* Sources */,
				4F7FDD441A17D4CD00345121 /* Frameworks */,
				4F7FDD451A17D4CD00345121 /* Resources */,
			);
			buildRules = (
			);
			dependencies = (
				4F7FDD491A17D4CD00345121 /* PBXTargetDependency */,
			);
			name = knozenmapTests;
			productName = knozenmapTests;
			productReference = 4F7FDD471A17D4CD00345121 /* knozenmapTests.xctest */;
			productType = "com.apple.product-type.bundle.unit-test";
		};
/* End PBXNativeTarget section */

/* Begin PBXProject section */
		4F7FDD231A17D4CD00345121 /* Project object */ = {
			isa = PBXProject;
			attributes = {
				LastUpgradeCheck = 0610;
				ORGANIZATIONNAME = "Jason Liang";
				TargetAttributes = {
					4F7FDD2A1A17D4CD00345121 = {
						CreatedOnToolsVersion = 6.1;
					};
					4F7FDD461A17D4CD00345121 = {
						CreatedOnToolsVersion = 6.1;
						TestTargetID = 4F7FDD2A1A17D4CD00345121;
					};
				};
			};
			buildConfigurationList = 4F7FDD261A17D4CD00345121 /* Build configuration list for PBXProject "knozenmap" */;
			compatibilityVersion = "Xcode 3.2";
			developmentRegion = English;
			hasScannedForEncodings = 0;
			knownRegions = (
				en,
				Base,
			);
			mainGroup = 4F7FDD221A17D4CD00345121;
			productRefGroup = 4F7FDD2C1A17D4CD00345121 /* Products */;
			projectDirPath = "";
			projectRoot = "";
			targets = (
				4F7FDD2A1A17D4CD00345121 /* knozenmap */,
				4F7FDD461A17D4CD00345121 /* knozenmapTests */,
			);
		};
/* End PBXProject section */

/* Begin PBXResourcesBuildPhase section */
		4F7FDD291A17D4CD00345121 /* Resources */ = {
			isa = PBXResourcesBuildPhase;
			buildActionMask = 2147483647;
			files = (
				4F7FDD3D1A17D4CD00345121 /* Main.storyboard in Resources */,
				4F7FDD581A17D6A500345121 /* ListView.storyboard in Resources */,
				4F7FDD421A17D4CD00345121 /* LaunchScreen.xib in Resources */,
				4F7FDD5A1A17D6AD00345121 /* MapView.storyboard in Resources */,
				4F7FDD3F1A17D4CD00345121 /* Images.xcassets in Resources */,
			);
			runOnlyForDeploymentPostprocessing = 0;
		};
		4F7FDD451A17D4CD00345121 /* Resources */ = {
			isa = PBXResourcesBuildPhase;
			buildActionMask = 2147483647;
			files = (
			);
			runOnlyForDeploymentPostprocessing = 0;
		};
/* End PBXResourcesBuildPhase section */

/* Begin PBXShellScriptBuildPhase section */
		0D1952E43825A75886873EF1 /* Copy Pods Resources */ = {
			isa = PBXShellScriptBuildPhase;
			buildActionMask = 2147483647;
			files = (
			);
			inputPaths = (
			);
			name = "Copy Pods Resources";
			outputPaths = (
			);
			runOnlyForDeploymentPostprocessing = 0;
			shellPath = /bin/sh;
			shellScript = "\"${SRCROOT}/Pods/Target Support Files/Pods/Pods-resources.sh\"\n";
			showEnvVarsInLog = 0;
		};
		8768A12897003DC15CBBB584 /* Check Pods Manifest.lock */ = {
			isa = PBXShellScriptBuildPhase;
			buildActionMask = 2147483647;
			files = (
			);
			inputPaths = (
			);
			name = "Check Pods Manifest.lock";
			outputPaths = (
			);
			runOnlyForDeploymentPostprocessing = 0;
			shellPath = /bin/sh;
			shellScript = "diff \"${PODS_ROOT}/../Podfile.lock\" \"${PODS_ROOT}/Manifest.lock\" > /dev/null\nif [[ $? != 0 ]] ; then\n    cat << EOM\nerror: The sandbox is not in sync with the Podfile.lock. Run 'pod install' or update your CocoaPods installation.\nEOM\n    exit 1\nfi\n";
			showEnvVarsInLog = 0;
		};
/* End PBXShellScriptBuildPhase section */

/* Begin PBXSourcesBuildPhase section */
		4F7FDD271A17D4CD00345121 /* Sources */ = {
			isa = PBXSourcesBuildPhase;
			buildActionMask = 2147483647;
			files = (
				4F7FDD3A1A17D4CD00345121 /* SecondViewController.m in Sources */,
				4F7FDD341A17D4CD00345121 /* AppDelegate.m in Sources */,
				4F7FDD371A17D4CD00345121 /* FirstViewController.m in Sources */,
				4F7FDD6C1A17DEC200345121 /* LocationListViewModel.m in Sources */,
				4F7FDD671A17DC0500345121 /* MapViewController.m in Sources */,
				4F7FDD311A17D4CD00345121 /* main.m in Sources */,
				4F7FDD741A17E9B700345121 /* LocationItemViewModel.m in Sources */,
				4F7FDD631A17D77E00345121 /* ListTableViewController.m in Sources */,
			);
			runOnlyForDeploymentPostprocessing = 0;
		};
		4F7FDD431A17D4CD00345121 /* Sources */ = {
			isa = PBXSourcesBuildPhase;
			buildActionMask = 2147483647;
			files = (
				4F7FDD4E1A17D4CD00345121 /* knozenmapTests.m in Sources */,
			);
			runOnlyForDeploymentPostprocessing = 0;
		};
/* End PBXSourcesBuildPhase section */

/* Begin PBXTargetDependency section */
		4F7FDD491A17D4CD00345121 /* PBXTargetDependency */ = {
			isa = PBXTargetDependency;
			target = 4F7FDD2A1A17D4CD00345121 /* knozenmap */;
			targetProxy = 4F7FDD481A17D4CD00345121 /* PBXContainerItemProxy */;
		};
/* End PBXTargetDependency section */

/* Begin PBXVariantGroup section */
		4F7FDD3B1A17D4CD00345121 /* Main.storyboard */ = {
			isa = PBXVariantGroup;
			children = (
				4F7FDD3C1A17D4CD00345121 /* Base */,
			);
			name = Main.storyboard;
			sourceTree = "<group>";
		};
		4F7FDD401A17D4CD00345121 /* LaunchScreen.xib */ = {
			isa = PBXVariantGroup;
			children = (
				4F7FDD411A17D4CD00345121 /* Base */,
			);
			name = LaunchScreen.xib;
			sourceTree = "<group>";
		};
/* End PBXVariantGroup section */

/* Begin XCBuildConfiguration section */
		4F7FDD4F1A17D4CD00345121 /* Debug */ = {
			isa = XCBuildConfiguration;
			buildSettings = {
				ALWAYS_SEARCH_USER_PATHS = NO;
				CLANG_CXX_LANGUAGE_STANDARD = "gnu++0x";
				CLANG_CXX_LIBRARY = "libc++";
				CLANG_ENABLE_MODULES = YES;
				CLANG_ENABLE_OBJC_ARC = YES;
				CLANG_WARN_BOOL_CONVERSION = YES;
				CLANG_WARN_CONSTANT_CONVERSION = YES;
				CLANG_WARN_DIRECT_OBJC_ISA_USAGE = YES_ERROR;
				CLANG_WARN_EMPTY_BODY = YES;
				CLANG_WARN_ENUM_CONVERSION = YES;
				CLANG_WARN_INT_CONVERSION = YES;
				CLANG_WARN_OBJC_ROOT_CLASS = YES_ERROR;
				CLANG_WARN_UNREACHABLE_CODE = YES;
				CLANG_WARN__DUPLICATE_METHOD_MATCH = YES;
				"CODE_SIGN_IDENTITY[sdk=iphoneos*]" = "iPhone Developer";
				COPY_PHASE_STRIP = NO;
				ENABLE_STRICT_OBJC_MSGSEND = YES;
				GCC_C_LANGUAGE_STANDARD = gnu99;
				GCC_DYNAMIC_NO_PIC = NO;
				GCC_OPTIMIZATION_LEVEL = 0;
				GCC_PREPROCESSOR_DEFINITIONS = (
					"DEBUG=1",
					"$(inherited)",
				);
				GCC_SYMBOLS_PRIVATE_EXTERN = NO;
				GCC_WARN_64_TO_32_BIT_CONVERSION = YES;
				GCC_WARN_ABOUT_RETURN_TYPE = YES_ERROR;
				GCC_WARN_UNDECLARED_SELECTOR = YES;
				GCC_WARN_UNINITIALIZED_AUTOS = YES_AGGRESSIVE;
				GCC_WARN_UNUSED_FUNCTION = YES;
				GCC_WARN_UNUSED_VARIABLE = YES;
				IPHONEOS_DEPLOYMENT_TARGET = 8.1;
				MTL_ENABLE_DEBUG_INFO = YES;
				ONLY_ACTIVE_ARCH = YES;
				SDKROOT = iphoneos;
			};
			name = Debug;
		};
		4F7FDD501A17D4CD00345121 /* Release */ = {
			isa = XCBuildConfiguration;
			buildSettings = {
				ALWAYS_SEARCH_USER_PATHS = NO;
				CLANG_CXX_LANGUAGE_STANDARD = "gnu++0x";
				CLANG_CXX_LIBRARY = "libc++";
				CLANG_ENABLE_MODULES = YES;
				CLANG_ENABLE_OBJC_ARC = YES;
				CLANG_WARN_BOOL_CONVERSION = YES;
				CLANG_WARN_CONSTANT_CONVERSION = YES;
				CLANG_WARN_DIRECT_OBJC_ISA_USAGE = YES_ERROR;
				CLANG_WARN_EMPTY_BODY = YES;
				CLANG_WARN_ENUM_CONVERSION = YES;
				CLANG_WARN_INT_CONVERSION = YES;
				CLANG_WARN_OBJC_ROOT_CLASS = YES_ERROR;
				CLANG_WARN_UNREACHABLE_CODE = YES;
				CLANG_WARN__DUPLICATE_METHOD_MATCH = YES;
				"CODE_SIGN_IDENTITY[sdk=iphoneos*]" = "iPhone Developer";
				COPY_PHASE_STRIP = YES;
				ENABLE_NS_ASSERTIONS = NO;
				ENABLE_STRICT_OBJC_MSGSEND = YES;
				GCC_C_LANGUAGE_STANDARD = gnu99;
				GCC_WARN_64_TO_32_BIT_CONVERSION = YES;
				GCC_WARN_ABOUT_RETURN_TYPE = YES_ERROR;
				GCC_WARN_UNDECLARED_SELECTOR = YES;
				GCC_WARN_UNINITIALIZED_AUTOS = YES_AGGRESSIVE;
				GCC_WARN_UNUSED_FUNCTION = YES;
				GCC_WARN_UNUSED_VARIABLE = YES;
				IPHONEOS_DEPLOYMENT_TARGET = 8.1;
				MTL_ENABLE_DEBUG_INFO = NO;
				SDKROOT = iphoneos;
				VALIDATE_PRODUCT = YES;
			};
			name = Release;
		};
		4F7FDD521A17D4CD00345121 /* Debug */ = {
			isa = XCBuildConfiguration;
			baseConfigurationReference = BA927B0D8F1D7BAC74CD1877 /* Pods.debug.xcconfig */;
			buildSettings = {
				ASSETCATALOG_COMPILER_APPICON_NAME = AppIcon;
				GCC_PREFIX_HEADER = knozenmap/PrefixHeader.pch;
				INFOPLIST_FILE = knozenmap/Info.plist;
				LD_RUNPATH_SEARCH_PATHS = "$(inherited) @executable_path/Frameworks";
				PRODUCT_NAME = "$(TARGET_NAME)";
			};
			name = Debug;
		};
		4F7FDD531A17D4CD00345121 /* Release */ = {
			isa = XCBuildConfiguration;
			baseConfigurationReference = EF624D9ECF8AFC346E693E0B /* Pods.release.xcconfig */;
			buildSettings = {
				ASSETCATALOG_COMPILER_APPICON_NAME = AppIcon;
				GCC_PREFIX_HEADER = knozenmap/PrefixHeader.pch;
				INFOPLIST_FILE = knozenmap/Info.plist;
				LD_RUNPATH_SEARCH_PATHS = "$(inherited) @executable_path/Frameworks";
				PRODUCT_NAME = "$(TARGET_NAME)";
			};
			name = Release;
		};
		4F7FDD551A17D4CD00345121 /* Debug */ = {
			isa = XCBuildConfiguration;
			buildSettings = {
				BUNDLE_LOADER = "$(TEST_HOST)";
				FRAMEWORK_SEARCH_PATHS = (
					"$(SDKROOT)/Developer/Library/Frameworks",
					"$(inherited)",
				);
				GCC_PREPROCESSOR_DEFINITIONS = (
					"DEBUG=1",
					"$(inherited)",
				);
				INFOPLIST_FILE = knozenmapTests/Info.plist;
				LD_RUNPATH_SEARCH_PATHS = "$(inherited) @executable_path/Frameworks @loader_path/Frameworks";
				PRODUCT_NAME = "$(TARGET_NAME)";
				TEST_HOST = "$(BUILT_PRODUCTS_DIR)/knozenmap.app/knozenmap";
			};
			name = Debug;
		};
		4F7FDD561A17D4CD00345121 /* Release */ = {
			isa = XCBuildConfiguration;
			buildSettings = {
				BUNDLE_LOADER = "$(TEST_HOST)";
				FRAMEWORK_SEARCH_PATHS = (
					"$(SDKROOT)/Developer/Library/Frameworks",
					"$(inherited)",
				);
				INFOPLIST_FILE = knozenmapTests/Info.plist;
				LD_RUNPATH_SEARCH_PATHS = "$(inherited) @executable_path/Frameworks @loader_path/Frameworks";
				PRODUCT_NAME = "$(TARGET_NAME)";
				TEST_HOST = "$(BUILT_PRODUCTS_DIR)/knozenmap.app/knozenmap";
			};
			name = Release;
		};
/* End XCBuildConfiguration section */

/* Begin XCConfigurationList section */
		4F7FDD261A17D4CD00345121 /* Build configuration list for PBXProject "knozenmap" */ = {
			isa = XCConfigurationList;
			buildConfigurations = (
				4F7FDD4F1A17D4CD00345121 /* Debug */,
				4F7FDD501A17D4CD00345121 /* Release */,
			);
			defaultConfigurationIsVisible = 0;
			defaultConfigurationName = Release;
		};
		4F7FDD511A17D4CD00345121 /* Build configuration list for PBXNativeTarget "knozenmap" */ = {
			isa = XCConfigurationList;
			buildConfigurations = (
				4F7FDD521A17D4CD00345121 /* Debug */,
				4F7FDD531A17D4CD00345121 /* Release */,
			);
			defaultConfigurationIsVisible = 0;
			defaultConfigurationName = Release;
		};
		4F7FDD541A17D4CD00345121 /* Build configuration list for PBXNativeTarget "knozenmapTests" */ = {
			isa = XCConfigurationList;
			buildConfigurations = (
				4F7FDD551A17D4CD00345121 /* Debug */,
				4F7FDD561A17D4CD00345121 /* Release */,
			);
			defaultConfigurationIsVisible = 0;
			defaultConfigurationName = Release;
		};
/* End XCConfigurationList section */
	};
	rootObject = 4F7FDD231A17D4CD00345121 /* Project object */;
}
